# This file is autogenerated, do not edit; changes may be undone by the next 'dep ensure'.


[[projects]]
  name = "github.com/Masterminds/cookoo"
  packages = [".","io","web"]
  revision = "78aa11ce75e257c51be7ea945edb84cf19c4a6de"
  version = "v1.3.0"

[[projects]]
  name = "github.com/Masterminds/semver"
  packages = ["."]
  revision = "59c29afe1a994eacb71c833025ca7acf874bb1da"
  version = "v1.2.2"

[[projects]]
  name = "github.com/Masterminds/sprig"
  packages = ["."]
  revision = "23597e5f6ad0e4d590e71314bfd0251a4a3cf849"
  version = "2.10.0"

[[projects]]
  name = "github.com/aokoli/goutils"
  packages = ["."]
  revision = "9c37978a95bd5c709a15883b6242714ea6709e64"

[[projects]]
  name = "github.com/satori/go.uuid"
  packages = ["."]
  revision = "879c5887cd475cd7864858769793b2ceb0d44feb"
  version = "v1.1.0"

[[projects]]
  name = "golang.org/x/crypto"
  packages = ["pbkdf2","scrypt"]
  revision = "1f22c0103821b9390939b6776727195525381532"

[[projects]]
  name = "gopkg.in/yaml.v2"
  packages = ["."]
  revision = "53feefa2559fb8dfa8d81baad31be332c97d6c77"

[solve-meta]
  analyzer-name = "dep"
  analyzer-version = 1
  inputs-digest = "1c93b4e2e5ef922cb67346284874bfab518c63c327aac22acb2cd606d36c05d5"
  solver-name = "gps-cdcl"
  solver-version = 1
